Microsoft Visual Studio Solution File, Format Version 12.00
# Visual Studio Version 17
VisualStudioVersion = 17.5.2.0
MinimumVisualStudioVersion = 10.0.40219.1
Project("{FAE04EC0-301F-11D3-BF4B-00C04F79EFBC}") = "ProxmoxDashboard", "ProxmoxDashboard.csproj", "{6BF719F6-5F23-2CC4-CB9B-F5CFF9FB1C40}"
EndProject
Global
	GlobalSection(SolutionConfigurationPlatforms) = preSolution
		Debug|Any CPU = Debug|Any CPU
		Release|Any CPU = Release|Any CPU
	EndGlobalSection
	GlobalSection(ProjectConfigurationPlatforms) = postSolution
		{6BF719F6-5F23-2CC4-CB9B-F5CFF9FB1C40}.Debug|Any CPU.ActiveCfg = Debug|Any CPU
		{6BF719F6-5F23-2CC4-CB9B-F5CFF9FB1C40}.Debug|Any CPU.Build.0 = Debug|Any CPU
		{6BF719F6-5F23-2CC4-CB9B-F5CFF9FB1C40}.Release|Any CPU.ActiveCfg = Release|Any CPU
		{6BF719F6-5F23-2CC4-CB9B-F5CFF9FB1C40}.Release|Any CPU.Build.0 = Release|Any CPU
	EndGlobalSection
	GlobalSection(SolutionProperties) = preSolution
		HideSolutionNode = FALSE
	EndGlobalSection
	GlobalSection(ExtensibilityGlobals) = postSolution
		SolutionGuid = {BE431F8C-F45D-4E94-85A4-8B53358FA002}
	EndGlobalSection
EndGlobal
